
Microsoft Visual Studio Solution File, Format Version 12.00
# Visual Studio Version 17
VisualStudioVersion = 17.6.33815.320
MinimumVisualStudioVersion = 10.0.40219.1
Project("{9A19103F-16F7-4668-BE54-9A1E7A4F7556}") = "PruebasUnitarias1", "PruebasUnitarias1.csproj", "{295705AD-A395-47BB-ADEA-57DAFD337CDE}"
EndProject
Global
	GlobalSection(SolutionConfigurationPlatforms) = preSolution
		Debug|Any CPU = Debug|Any CPU
		Release|Any CPU = Release|Any CPU
	EndGlobalSection
	GlobalSection(ProjectConfigurationPlatforms) = postSolution
		{295705AD-A395-47BB-ADEA-57DAFD337CDE}.Debug|Any CPU.ActiveCfg = Debug|Any CPU
		{295705AD-A395-47BB-ADEA-57DAFD337CDE}.Debug|Any CPU.Build.0 = Debug|Any CPU
		{295705AD-A395-47BB-ADEA-57DAFD337CDE}.Release|Any CPU.ActiveCfg = Release|Any CPU
		{295705AD-A395-47BB-ADEA-57DAFD337CDE}.Release|Any CPU.Build.0 = Release|Any CPU
	EndGlobalSection
	GlobalSection(SolutionProperties) = preSolution
		HideSolutionNode = FALSE
	EndGlobalSection
	GlobalSection(ExtensibilityGlobals) = postSolution
		SolutionGuid = {925C2BC6-CD11-4DE6-926C-484FBAB28A7D}
	EndGlobalSection
EndGlobal
